
Microsoft Visual Studio Solution File, Format Version 12.00
# Visual Studio 2013
VisualStudioVersion = 12.0.31101.0
MinimumVisualStudioVersion = 10.0.40219.1
Project("{8BC9CEB8-8B4A-11D0-8D11-00A0C91BC942}") = "PrintArgs", "PrintArgs.vcxproj", "{F625CE6D-A829-4892-A773-9811B8253CBF}"
EndProject
Global
	GlobalSection(SolutionConfigurationPlatforms) = preSolution
		Debug|Win32 = Debug|Win32
		Release|Win32 = Release|Win32
	EndGlobalSection
	GlobalSection(ProjectConfigurationPlatforms) = postSolution
		{F625CE6D-A829-4892-A773-9811B8253CBF}.Debug|Win32.ActiveCfg = Debug|Win32
		{F625CE6D-A829-4892-A773-9811B8253CBF}.Debug|Win32.Build.0 = Debug|Win32
		{F625CE6D-A829-4892-A773-9811B8253CBF}.Release|Win32.ActiveCfg = Release|Win32
		{F625CE6D-A829-4892-A773-9811B8253CBF}.Release|Win32.Build.0 = Release|Win32
	EndGlobalSection
	GlobalSection(SolutionProperties) = preSolution
		HideSolutionNode = FALSE
	EndGlobalSection
EndGlobal
